
Microsoft Visual Studio Solution File, Format Version 12.00
# Visual Studio Version 16
VisualStudioVersion = 16.0.31910.168
MinimumVisualStudioVersion = 10.0.40219.1
Project("{FAE04EC0-301F-11D3-BF4B-00C04F79EFBC}") = "CSharp - ASP.NET MVC", "CSharp - ASP.NET MVC\CSharp - ASP.NET MVC.csproj", "{4115B9F4-C258-4A5E-9204-159BE24A0B4C}"
EndProject
Global
	GlobalSection(SolutionConfigurationPlatforms) = preSolution
		Debug|Any CPU = Debug|Any CPU
		Release|Any CPU = Release|Any CPU
	EndGlobalSection
	GlobalSection(ProjectConfigurationPlatforms) = postSolution
		{4115B9F4-C258-4A5E-9204-159BE24A0B4C}.Debug|Any CPU.ActiveCfg = Debug|Any CPU
		{4115B9F4-C258-4A5E-9204-159BE24A0B4C}.Debug|Any CPU.Build.0 = Debug|Any CPU
		{4115B9F4-C258-4A5E-9204-159BE24A0B4C}.Release|Any CPU.ActiveCfg = Release|Any CPU
		{4115B9F4-C258-4A5E-9204-159BE24A0B4C}.Release|Any CPU.Build.0 = Release|Any CPU
	EndGlobalSection
	GlobalSection(SolutionProperties) = preSolution
		HideSolutionNode = FALSE
	EndGlobalSection
	GlobalSection(ExtensibilityGlobals) = postSolution
		SolutionGuid = {6C91B9B7-FAA9-409F-A249-CA393BC173B6}
	EndGlobalSection
EndGlobal
